<?xml version="1.0" encoding="utf-8"?>
<Project ToolsVersion="16.0" xmlns="http://schemas.microsoft.com/developer/msbuild/2003">
  <ItemGroup>
    <CustomBuild Include="J:\Zero\CMakeFiles\6c32b92c135809bc523dc5f64bb9c3bd\generate.stamp.rule">
      <Filter>CMake Rules</Filter>
    </CustomBuild>
  </ItemGroup>
  <ItemGroup>
    <Filter Include="CMake Rules">
      <UniqueIdentifier>{E6174270-F4A4-3F83-AF52-D9AE614B5AB7}</UniqueIdentifier>
    </Filter>
  </ItemGroup>
</Project>
